{
  "object": {
    "pins": [
      {
        "package": "DekiGetters",
        "repositoryURL": "https://github.com/blitzdex27/DekiGetters.git",
        "state": {
          "branch": "main",
          "revision": "1f5efd1abc2187f0715adec378bf22aba4bc7586",
          "version": null
        }
      },
      {
        "package": "DekiParser",
        "repositoryURL": "https://github.com/blitzdex27/DekiParser.git",
        "state": {
          "branch": null,
          "revision": "f9f2f5387fdc8a71eeaa5118fa98b4e1c65a7b82",
          "version": "1.0.0"
        }
      },
      {
        "package": "DekiPersistable",
        "repositoryURL": "https://github.com/blitzdex27/DekiPersistable.git",
        "state": {
          "branch": null,
          "revision": "bd1366e179dfb4b1451f462e287d7bc6a5c62894",
          "version": "1.0.3"
        }
      },
      {
        "package": "DekiValidator",
        "repositoryURL": "https://github.com/blitzdex27/DekiValidator.git",
        "state": {
          "branch": null,
          "revision": "54553021c1a98957c0df25f9abed6ea9a5194b9b",
          "version": "1.0.1"
        }
      },
      {
        "package": "Yams",
        "repositoryURL": "https://github.com/jpsim/Yams.git",
        "state": {
          "branch": null,
          "revision": "3036ba9d69cf1fd04d433527bc339dc0dc75433d",
          "version": "5.1.3"
        }
      }
    ]
  },
  "version": 1
}
